// !$*UTF8*$!
{
	archiveVersion = 1;
	classes = {
	};
	objectVersion = 46;
	objects = {

/* Begin PBXBuildFile section */
		9C04812A160B239200B729E6 /* ImageIO.framework in Frameworks */ = {isa = PBXBuildFile; fileRef = 9C048129160B239200B729E6 /* ImageIO.framework */; };
		9C04812D160B239F00B729E6 /* CoreMedia.framework in Frameworks */ = {isa = PBXBuildFile; fileRef = 9C04812C160B239F00B729E6 /* CoreMedia.framework */; };
		9C04812F160B23A900B729E6 /* CoreVideo.framework in Frameworks */ = {isa = PBXBuildFile; fileRef = 9C04812E160B23A900B729E6 /* CoreVideo.framework */; };
		9C048135160B2A0900B729E6 /* QuartzCore.framework in Frameworks */ = {isa = PBXBuildFile; fileRef = 9C048134160B2A0900B729E6 /* QuartzCore.framework */; };
		9C1576EE160AC60400536404 /* UIKit.framework in Frameworks */ = {isa = PBXBuildFile; fileRef = 9C1576ED160AC60400536404 /* UIKit.framework */; };
		9C1576F0160AC60400536404 /* Foundation.framework in Frameworks */ = {isa = PBXBuildFile; fileRef = 9C1576EF160AC60400536404 /* Foundation.framework */; };
		9C1576F2160AC60400536404 /* CoreGraphics.framework in Frameworks */ = {isa = PBXBuildFile; fileRef = 9C1576F1160AC60400536404 /* CoreGraphics.framework */; };
		9C1576F8160AC60400536404 /* InfoPlist.strings in Resources */ = {isa = PBXBuildFile; fileRef = 9C1576F6160AC60400536404 /* InfoPlist.strings */; };
		9C1576FA160AC60400536404 /* main.m in Sources */ = {isa = PBXBuildFile; fileRef = 9C1576F9160AC60400536404 /* main.m */; };
		9C1576FE160AC60400536404 /* AppDelegate.m in Sources */ = {isa = PBXBuildFile; fileRef = 9C1576FD160AC60400536404 /* AppDelegate.m */; };
		9C157701160AC60400536404 /* MainStoryboard_iPhone.storyboard in Resources */ = {isa = PBXBuildFile; fileRef = 9C1576FF160AC60400536404 /* MainStoryboard_iPhone.storyboard */; };
		9C157704160AC60400536404 /* MainStoryboard_iPad.storyboard in Resources */ = {isa = PBXBuildFile; fileRef = 9C157702160AC60400536404 /* MainStoryboard_iPad.storyboard */; };
		9C157707160AC60400536404 /* FirstViewController.m in Sources */ = {isa = PBXBuildFile; fileRef = 9C157706160AC60400536404 /* FirstViewController.m */; };
		9C157709160AC60400536404 /* first.png in Resources */ = {isa = PBXBuildFile; fileRef = 9C157708160AC60400536404 /* first.png */; };
		9C15770B160AC60400536404 /* first@2x.png in Resources */ = {isa = PBXBuildFile; fileRef = 9C15770A160AC60400536404 /* first@2x.png */; };
		9C15770E160AC60400536404 /* SecondViewController.m in Sources */ = {isa = PBXBuildFile; fileRef = 9C15770D160AC60400536404 /* SecondViewController.m */; };
		9C157710160AC60400536404 /* second.png in Resources */ = {isa = PBXBuildFile; fileRef = 9C15770F160AC60400536404 /* second.png */; };
		9C157712160AC60400536404 /* second@2x.png in Resources */ = {isa = PBXBuildFile; fileRef = 9C157711160AC60400536404 /* second@2x.png */; };
		9C15771A160AC76C00536404 /* CaptureSessionManager.m in Sources */ = {isa = PBXBuildFile; fileRef = 9C157719160AC76C00536404 /* CaptureSessionManager.m */; };
		9C157720160ACA7600536404 /* AVFoundation.framework in Frameworks */ = {isa = PBXBuildFile; fileRef = 9C15771F160ACA7600536404 /* AVFoundation.framework */; };
		9C157724160ACBA900536404 /* overlaygraphic.png in Resources */ = {isa = PBXBuildFile; fileRef = 9C157722160ACBA900536404 /* overlaygraphic.png */; };
		9C157725160ACBA900536404 /* scanbutton.png in Resources */ = {isa = PBXBuildFile; fileRef = 9C157723160ACBA900536404 /* scanbutton.png */; };
		9CF8BC2F160AD2340051D44C /* MC_XL_frame.png in Resources */ = {isa = PBXBuildFile; fileRef = 9CF8BC2E160AD2340051D44C /* MC_XL_frame.png */; };
/* End PBXBuildFile section */

/* Begin PBXFileReference section */
		9C048129160B239200B729E6 /* ImageIO.framework */ = {isa = PBXFileReference; lastKnownFileType = wrapper.framework; name = ImageIO.framework; path = System/Library/Frameworks/ImageIO.framework; sourceTree = SDKROOT; };
		9C04812C160B239F00B729E6 /* CoreMedia.framework */ = {isa = PBXFileReference; lastKnownFileType = wrapper.framework; name = CoreMedia.framework; path = System/Library/Frameworks/CoreMedia.framework; sourceTree = SDKROOT; };
		9C04812E160B23A900B729E6 /* CoreVideo.framework */ = {isa = PBXFileReference; lastKnownFileType = wrapper.framework; name = CoreVideo.framework; path = System/Library/Frameworks/CoreVideo.framework; sourceTree = SDKROOT; };
		9C048134160B2A0900B729E6 /* QuartzCore.framework */ = {isa = PBXFileReference; lastKnownFileType = wrapper.framework; name = QuartzCore.framework; path = System/Library/Frameworks/QuartzCore.framework; sourceTree = SDKROOT; };
		9C1576E9160AC60400536404 /* MacCoffee.app */ = {isa = PBXFileReference; explicitFileType = wrapper.application; includeInIndex = 0; path = MacCoffee.app; sourceTree = BUILT_PRODUCTS_DIR; };
		9C1576ED160AC60400536404 /* UIKit.framework */ = {isa = PBXFileReference; lastKnownFileType = wrapper.framework; name = UIKit.framework; path = System/Library/Frameworks/UIKit.framework; sourceTree = SDKROOT; };
		9C1576EF160AC60400536404 /* Foundation.framework */ = {isa = PBXFileReference; lastKnownFileType = wrapper.framework; name = Foundation.framework; path = System/Library/Frameworks/Foundation.framework; sourceTree = SDKROOT; };
		9C1576F1160AC60400536404 /* CoreGraphics.framework */ = {isa = PBXFileReference; lastKnownFileType = wrapper.framework; name = CoreGraphics.framework; path = System/Library/Frameworks/CoreGraphics.framework; sourceTree = SDKROOT; };
		9C1576F5160AC60400536404 /* MacCoffee-Info.plist */ = {isa = PBXFileReference; lastKnownFileType = text.plist.xml; path = "MacCoffee-Info.plist"; sourceTree = "<group>"; };
		9C1576F7160AC60400536404 /* en */ = {isa = PBXFileReference; lastKnownFileType = text.plist.strings; name = en; path = en.lproj/InfoPlist.strings; sourceTree = "<group>"; };
		9C1576F9160AC60400536404 /* main.m */ = {isa = PBXFileReference; lastKnownFileType = sourcecode.c.objc; path = main.m; sourceTree = "<group>"; };
		9C1576FB160AC60400536404 /* MacCoffee-Prefix.pch */ = {isa = PBXFileReference; lastKnownFileType = sourcecode.c.h; path = "MacCoffee-Prefix.pch"; sourceTree = "<group>"; };
		9C1576FC160AC60400536404 /* AppDelegate.h */ = {isa = PBXFileReference; lastKnownFileType = sourcecode.c.h; path = AppDelegate.h; sourceTree = "<group>"; };
		9C1576FD160AC60400536404 /* AppDelegate.m */ = {isa = PBXFileReference; lastKnownFileType = sourcecode.c.objc; path = AppDelegate.m; sourceTree = "<group>"; };
		9C157700160AC60400536404 /* en */ = {isa = PBXFileReference; lastKnownFileType = file.storyboard; name = en; path = en.lproj/MainStoryboard_iPhone.storyboard; sourceTree = "<group>"; };
		9C157703160AC60400536404 /* en */ = {isa = PBXFileReference; lastKnownFileType = file.storyboard; name = en; path = en.lproj/MainStoryboard_iPad.storyboard; sourceTree = "<group>"; };
		9C157705160AC60400536404 /* FirstViewController.h */ = {isa = PBXFileReference; lastKnownFileType = sourcecode.c.h; path = FirstViewController.h; sourceTree = "<group>"; };
		9C157706160AC60400536404 /* FirstViewController.m */ = {isa = PBXFileReference; lastKnownFileType = sourcecode.c.objc; path = FirstViewController.m; sourceTree = "<group>"; };
		9C157708160AC60400536404 /* first.png */ = {isa = PBXFileReference; lastKnownFileType = image.png; path = first.png; sourceTree = "<group>"; };
		9C15770A160AC60400536404 /* first@2x.png */ = {isa = PBXFileReference; lastKnownFileType = image.png; path = "first@2x.png"; sourceTree = "<group>"; };
		9C15770C160AC60400536404 /* SecondViewController.h */ = {isa = PBXFileReference; lastKnownFileType = sourcecode.c.h; path = SecondViewController.h; sourceTree = "<group>"; };
		9C15770D160AC60400536404 /* SecondViewController.m */ = {isa = PBXFileReference; lastKnownFileType = sourcecode.c.objc; path = SecondViewController.m; sourceTree = "<group>"; };
		9C15770F160AC60400536404 /* second.png */ = {isa = PBXFileReference; lastKnownFileType = image.png; path = second.png; sourceTree = "<group>"; };
		9C157711160AC60400536404 /* second@2x.png */ = {isa = PBXFileReference; lastKnownFileType = image.png; path = "second@2x.png"; sourceTree = "<group>"; };
		9C157718160AC76C00536404 /* CaptureSessionManager.h */ = {isa = PBXFileReference; fileEncoding = 4; lastKnownFileType = sourcecode.c.h; path = CaptureSessionManager.h; sourceTree = "<group>"; };
		9C157719160AC76C00536404 /* CaptureSessionManager.m */ = {isa = PBXFileReference; fileEncoding = 4; lastKnownFileType = sourcecode.c.objc; path = CaptureSessionManager.m; sourceTree = "<group>"; };
		9C15771F160ACA7600536404 /* AVFoundation.framework */ = {isa = PBXFileReference; lastKnownFileType = wrapper.framework; name = AVFoundation.framework; path = System/Library/Frameworks/AVFoundation.framework; sourceTree = SDKROOT; };
		9C157722160ACBA900536404 /* overlaygraphic.png */ = {isa = PBXFileReference; lastKnownFileType = image.png; path = overlaygraphic.png; sourceTree = "<group>"; };
		9C157723160ACBA900536404 /* scanbutton.png */ = {isa = PBXFileReference; lastKnownFileType = image.png; path = scanbutton.png; sourceTree = "<group>"; };
		9CF8BC2E160AD2340051D44C /* MC_XL_frame.png */ = {isa = PBXFileReference; lastKnownFileType = image.png; path = MC_XL_frame.png; sourceTree = "<group>"; };
/* End PBXFileReference section */

/* Begin PBXFrameworksBuildPhase section */
		9C1576E6160AC60400536404 /* Frameworks */ = {
			isa = PBXFrameworksBuildPhase;
			buildActionMask = 2147483647;
			files = (
				9C048135160B2A0900B729E6 /* QuartzCore.framework in Frameworks */,
				9C04812F160B23A900B729E6 /* CoreVideo.framework in Frameworks */,
				9C04812D160B239F00B729E6 /* CoreMedia.framework in Frameworks */,
				9C04812A160B239200B729E6 /* ImageIO.framework in Frameworks */,
				9C157720160ACA7600536404 /* AVFoundation.framework in Frameworks */,
				9C1576EE160AC60400536404 /* UIKit.framework in Frameworks */,
				9C1576F0160AC60400536404 /* Foundation.framework in Frameworks */,
				9C1576F2160AC60400536404 /* CoreGraphics.framework in Frameworks */,
			);
			runOnlyForDeploymentPostprocessing = 0;
		};
/* End PBXFrameworksBuildPhase section */

/* Begin PBXGroup section */
		9C1576DE160AC60400536404 = {
			isa = PBXGroup;
			children = (
				9C048134160B2A0900B729E6 /* QuartzCore.framework */,
				9C04812E160B23A900B729E6 /* CoreVideo.framework */,
				9C04812C160B239F00B729E6 /* CoreMedia.framework */,
				9C048129160B239200B729E6 /* ImageIO.framework */,
				9C15771F160ACA7600536404 /* AVFoundation.framework */,
				9C1576F3160AC60400536404 /* MacCoffee */,
				9C1576EC160AC60400536404 /* Frameworks */,
				9C1576EA160AC60400536404 /* Products */,
			);
			sourceTree = "<group>";
		};
		9C1576EA160AC60400536404 /* Products */ = {
			isa = PBXGroup;
			children = (
				9C1576E9160AC60400536404 /* MacCoffee.app */,
			);
			name = Products;
			sourceTree = "<group>";
		};
		9C1576EC160AC60400536404 /* Frameworks */ = {
			isa = PBXGroup;
			children = (
				9C1576ED160AC60400536404 /* UIKit.framework */,
				9C1576EF160AC60400536404 /* Foundation.framework */,
				9C1576F1160AC60400536404 /* CoreGraphics.framework */,
			);
			name = Frameworks;
			sourceTree = "<group>";
		};
		9C1576F3160AC60400536404 /* MacCoffee */ = {
			isa = PBXGroup;
			children = (
				9C157721160ACB8800536404 /* Images */,
				9C1576FC160AC60400536404 /* AppDelegate.h */,
				9C1576FD160AC60400536404 /* AppDelegate.m */,
				9C1576FF160AC60400536404 /* MainStoryboard_iPhone.storyboard */,
				9C157702160AC60400536404 /* MainStoryboard_iPad.storyboard */,
				9C157718160AC76C00536404 /* CaptureSessionManager.h */,
				9C157719160AC76C00536404 /* CaptureSessionManager.m */,
				9C157705160AC60400536404 /* FirstViewController.h */,
				9C157706160AC60400536404 /* FirstViewController.m */,
				9C15770C160AC60400536404 /* SecondViewController.h */,
				9C15770D160AC60400536404 /* SecondViewController.m */,
				9C1576F4160AC60400536404 /* Supporting Files */,
			);
			path = MacCoffee;
			sourceTree = "<group>";
		};
		9C1576F4160AC60400536404 /* Supporting Files */ = {
			isa = PBXGroup;
			children = (
				9C1576F5160AC60400536404 /* MacCoffee-Info.plist */,
				9C1576F6160AC60400536404 /* InfoPlist.strings */,
				9C1576F9160AC60400536404 /* main.m */,
				9C1576FB160AC60400536404 /* MacCoffee-Prefix.pch */,
			);
			name = "Supporting Files";
			sourceTree = "<group>";
		};
		9C157721160ACB8800536404 /* Images */ = {
			isa = PBXGroup;
			children = (
				9C157708160AC60400536404 /* first.png */,
				9C15770A160AC60400536404 /* first@2x.png */,
				9CF8BC2E160AD2340051D44C /* MC_XL_frame.png */,
				9C15770F160AC60400536404 /* second.png */,
				9C157711160AC60400536404 /* second@2x.png */,
				9C157722160ACBA900536404 /* overlaygraphic.png */,
				9C157723160ACBA900536404 /* scanbutton.png */,
			);
			name = Images;
			sourceTree = "<group>";
		};
/* End PBXGroup section */

/* Begin PBXNativeTarget section */
		9C1576E8160AC60400536404 /* MacCoffee */ = {
			isa = PBXNativeTarget;
			buildConfigurationList = 9C157715160AC60400536404 /* Build configuration list for PBXNativeTarget "MacCoffee" */;
			buildPhases = (
				9C1576E5160AC60400536404 /* Sources */,
				9C1576E6160AC60400536404 /* Frameworks */,
				9C1576E7160AC60400536404 /* Resources */,
			);
			buildRules = (
			);
			dependencies = (
			);
			name = MacCoffee;
			productName = MacCoffee;
			productReference = 9C1576E9160AC60400536404 /* MacCoffee.app */;
			productType = "com.apple.product-type.application";
		};
/* End PBXNativeTarget section */

/* Begin PBXProject section */
		9C1576E0160AC60400536404 /* Project object */ = {
			isa = PBXProject;
			attributes = {
				LastUpgradeCheck = 0440;
				ORGANIZATIONNAME = Zul;
			};
			buildConfigurationList = 9C1576E3160AC60400536404 /* Build configuration list for PBXProject "MacCoffee" */;
			compatibilityVersion = "Xcode 3.2";
			developmentRegion = English;
			hasScannedForEncodings = 0;
			knownRegions = (
				en,
			);
			mainGroup = 9C1576DE160AC60400536404;
			productRefGroup = 9C1576EA160AC60400536404 /* Products */;
			projectDirPath = "";
			projectRoot = "";
			targets = (
				9C1576E8160AC60400536404 /* MacCoffee */,
			);
		};
/* End PBXProject section */

/* Begin PBXResourcesBuildPhase section */
		9C1576E7160AC60400536404 /* Resources */ = {
			isa = PBXResourcesBuildPhase;
			buildActionMask = 2147483647;
			files = (
				9C1576F8160AC60400536404 /* InfoPlist.strings in Resources */,
				9C157701160AC60400536404 /* MainStoryboard_iPhone.storyboard in Resources */,
				9C157704160AC60400536404 /* MainStoryboard_iPad.storyboard in Resources */,
				9C157709160AC60400536404 /* first.png in Resources */,
				9C15770B160AC60400536404 /* first@2x.png in Resources */,
				9C157710160AC60400536404 /* second.png in Resources */,
				9C157712160AC60400536404 /* second@2x.png in Resources */,
				9C157724160ACBA900536404 /* overlaygraphic.png in Resources */,
				9C157725160ACBA900536404 /* scanbutton.png in Resources */,
				9CF8BC2F160AD2340051D44C /* MC_XL_frame.png in Resources */,
			);
			runOnlyForDeploymentPostprocessing = 0;
		};
/* End PBXResourcesBuildPhase section */

/* Begin PBXSourcesBuildPhase section */
		9C1576E5160AC60400536404 /* Sources */ = {
			isa = PBXSourcesBuildPhase;
			buildActionMask = 2147483647;
			files = (
				9C1576FA160AC60400536404 /* main.m in Sources */,
				9C1576FE160AC60400536404 /* AppDelegate.m in Sources */,
				9C157707160AC60400536404 /* FirstViewController.m in Sources */,
				9C15770E160AC60400536404 /* SecondViewController.m in Sources */,
				9C15771A160AC76C00536404 /* CaptureSessionManager.m in Sources */,
			);
			runOnlyForDeploymentPostprocessing = 0;
		};
/* End PBXSourcesBuildPhase section */

/* Begin PBXVariantGroup section */
		9C1576F6160AC60400536404 /* InfoPlist.strings */ = {
			isa = PBXVariantGroup;
			children = (
				9C1576F7160AC60400536404 /* en */,
			);
			name = InfoPlist.strings;
			sourceTree = "<group>";
		};
		9C1576FF160AC60400536404 /* MainStoryboard_iPhone.storyboard */ = {
			isa = PBXVariantGroup;
			children = (
				9C157700160AC60400536404 /* en */,
			);
			name = MainStoryboard_iPhone.storyboard;
			sourceTree = "<group>";
		};
		9C157702160AC60400536404 /* MainStoryboard_iPad.storyboard */ = {
			isa = PBXVariantGroup;
			children = (
				9C157703160AC60400536404 /* en */,
			);
			name = MainStoryboard_iPad.storyboard;
			sourceTree = "<group>";
		};
/* End PBXVariantGroup section */

/* Begin XCBuildConfiguration section */
		9C157713160AC60400536404 /* Debug */ = {
			isa = XCBuildConfiguration;
			buildSettings = {
				ALWAYS_SEARCH_USER_PATHS = NO;
				ARCHS = "$(ARCHS_STANDARD_32_BIT)";
				CLANG_CXX_LANGUAGE_STANDARD = "gnu++0x";
				CLANG_ENABLE_OBJC_ARC = YES;
				CLANG_WARN__DUPLICATE_METHOD_MATCH = YES;
				"CODE_SIGN_IDENTITY[sdk=iphoneos*]" = "iPhone Developer";
				COPY_PHASE_STRIP = NO;
				GCC_C_LANGUAGE_STANDARD = gnu99;
				GCC_DYNAMIC_NO_PIC = NO;
				GCC_OPTIMIZATION_LEVEL = 0;
				GCC_PREPROCESSOR_DEFINITIONS = (
					"DEBUG=1",
					"$(inherited)",
				);
				GCC_SYMBOLS_PRIVATE_EXTERN = NO;
				GCC_VERSION = com.apple.compilers.llvm.clang.1_0;
				GCC_WARN_ABOUT_RETURN_TYPE = YES;
				GCC_WARN_UNINITIALIZED_AUTOS = YES;
				GCC_WARN_UNUSED_VARIABLE = YES;
				IPHONEOS_DEPLOYMENT_TARGET = 5.1;
				SDKROOT = iphoneos;
				TARGETED_DEVICE_FAMILY = "1,2";
			};
			name = Debug;
		};
		9C157714160AC60400536404 /* Release */ = {
			isa = XCBuildConfiguration;
			buildSettings = {
				ALWAYS_SEARCH_USER_PATHS = NO;
				ARCHS = "$(ARCHS_STANDARD_32_BIT)";
				CLANG_CXX_LANGUAGE_STANDARD = "gnu++0x";
				CLANG_ENABLE_OBJC_ARC = YES;
				CLANG_WARN__DUPLICATE_METHOD_MATCH = YES;
				"CODE_SIGN_IDENTITY[sdk=iphoneos*]" = "iPhone Developer";
				COPY_PHASE_STRIP = YES;
				GCC_C_LANGUAGE_STANDARD = gnu99;
				GCC_VERSION = com.apple.compilers.llvm.clang.1_0;
				GCC_WARN_ABOUT_RETURN_TYPE = YES;
				GCC_WARN_UNINITIALIZED_AUTOS = YES;
				GCC_WARN_UNUSED_VARIABLE = YES;
				IPHONEOS_DEPLOYMENT_TARGET = 5.1;
				OTHER_CFLAGS = "-DNS_BLOCK_ASSERTIONS=1";
				SDKROOT = iphoneos;
				TARGETED_DEVICE_FAMILY = "1,2";
				VALIDATE_PRODUCT = YES;
			};
			name = Release;
		};
		9C157716160AC60400536404 /* Debug */ = {
			isa = XCBuildConfiguration;
			buildSettings = {
				GCC_PRECOMPILE_PREFIX_HEADER = YES;
				GCC_PREFIX_HEADER = "MacCoffee/MacCoffee-Prefix.pch";
				INFOPLIST_FILE = "MacCoffee/MacCoffee-Info.plist";
				PRODUCT_NAME = "$(TARGET_NAME)";
				WRAPPER_EXTENSION = app;
			};
			name = Debug;
		};
		9C157717160AC60400536404 /* Release */ = {
			isa = XCBuildConfiguration;
			buildSettings = {
				GCC_PRECOMPILE_PREFIX_HEADER = YES;
				GCC_PREFIX_HEADER = "MacCoffee/MacCoffee-Prefix.pch";
				INFOPLIST_FILE = "MacCoffee/MacCoffee-Info.plist";
				PRODUCT_NAME = "$(TARGET_NAME)";
				WRAPPER_EXTENSION = app;
			};
			name = Release;
		};
/* End XCBuildConfiguration section */

/* Begin XCConfigurationList section */
		9C1576E3160AC60400536404 /* Build configuration list for PBXProject "MacCoffee" */ = {
			isa = XCConfigurationList;
			buildConfigurations = (
				9C157713160AC60400536404 /* Debug */,
				9C157714160AC60400536404 /* Release */,
			);
			defaultConfigurationIsVisible = 0;
			defaultConfigurationName = Release;
		};
		9C157715160AC60400536404 /* Build configuration list for PBXNativeTarget "MacCoffee" */ = {
			isa = XCConfigurationList;
			buildConfigurations = (
				9C157716160AC60400536404 /* Debug */,
				9C157717160AC60400536404 /* Release */,
			);
			defaultConfigurationIsVisible = 0;
			defaultConfigurationName = Release;
		};
/* End XCConfigurationList section */
	};
	rootObject = 9C1576E0160AC60400536404 /* Project object */;
}
